// !$*UTF8*$!
{
	archiveVersion = 1;
	classes = {
	};
	objectVersion = 46;
	objects = {

/* Begin PBXBuildFile section */
		C91CCAC81BEEF4100060A015 /* Registration.xcdatamodeld in Sources */ = {isa = PBXBuildFile; fileRef = C91CCAC61BEEF4100060A015 /* Registration.xcdatamodeld */; };
		C91CCACB1BEF00A50060A015 /* Artist.m in Sources */ = {isa = PBXBuildFile; fileRef = C91CCACA1BEF00A50060A015 /* Artist.m */; };
		C938A8F91BE46CD1002116DA /* main.m in Sources */ = {isa = PBXBuildFile; fileRef = C938A8F81BE46CD1002116DA /* main.m */; };
		C938A8FC1BE46CD1002116DA /* AppDelegate.m in Sources */ = {isa = PBXBuildFile; fileRef = C938A8FB1BE46CD1002116DA /* AppDelegate.m */; };
		C938A9051BE46CD1002116DA /* Main.storyboard in Resources */ = {isa = PBXBuildFile; fileRef = C938A9031BE46CD1002116DA /* Main.storyboard */; };
		C938A9071BE46CD1002116DA /* Images.xcassets in Resources */ = {isa = PBXBuildFile; fileRef = C938A9061BE46CD1002116DA /* Images.xcassets */; };
		C938A90A1BE46CD1002116DA /* LaunchScreen.xib in Resources */ = {isa = PBXBuildFile; fileRef = C938A9081BE46CD1002116DA /* LaunchScreen.xib */; };
		C938A9161BE46CD2002116DA /* ChatAppTests.m in Sources */ = {isa = PBXBuildFile; fileRef = C938A9151BE46CD2002116DA /* ChatAppTests.m */; };
		C938A9241BE4761B002116DA /* NewsFeedViewController.m in Sources */ = {isa = PBXBuildFile; fileRef = C938A9231BE4761B002116DA /* NewsFeedViewController.m */; };
		C938A9271BE4763D002116DA /* RequestsViewController.m in Sources */ = {isa = PBXBuildFile; fileRef = C938A9261BE4763C002116DA /* RequestsViewController.m */; };
		C938A92A1BE47650002116DA /* MessengerViewController.m in Sources */ = {isa = PBXBuildFile; fileRef = C938A9291BE47650002116DA /* MessengerViewController.m */; };
		C938A92D1BE4766B002116DA /* NotificationsViewController.m in Sources */ = {isa = PBXBuildFile; fileRef = C938A92C1BE4766B002116DA /* NotificationsViewController.m */; };
		C9D8E8851BED1EB700993E31 /* Registration.m in Sources */ = {isa = PBXBuildFile; fileRef = C9D8E8841BED1EB700993E31 /* Registration.m */; };
/* End PBXBuildFile section */

/* Begin PBXContainerItemProxy section */
		C938A9101BE46CD2002116DA /* PBXContainerItemProxy */ = {
			isa = PBXContainerItemProxy;
			containerPortal = C938A8EB1BE46CD1002116DA /* Project object */;
			proxyType = 1;
			remoteGlobalIDString = C938A8F21BE46CD1002116DA;
			remoteInfo = ChatApp;
		};
/* End PBXContainerItemProxy section */

/* Begin PBXFileReference section */
		C91CCAC71BEEF4100060A015 /* Registration.xcdatamodel */ = {isa = PBXFileReference; lastKnownFileType = wrapper.xcdatamodel; path = Registration.xcdatamodel; sourceTree = "<group>"; };
		C91CCAC91BEF00A50060A015 /* Artist.h */ = {isa = PBXFileReference; fileEncoding = 4; lastKnownFileType = sourcecode.c.h; name = Artist.h; path = ../Artist.h; sourceTree = "<group>"; };
		C91CCACA1BEF00A50060A015 /* Artist.m */ = {isa = PBXFileReference; fileEncoding = 4; lastKnownFileType = sourcecode.c.objc; name = Artist.m; path = ../Artist.m; sourceTree = "<group>"; };
		C938A8F31BE46CD1002116DA /* ChatApp.app */ = {isa = PBXFileReference; explicitFileType = wrapper.application; includeInIndex = 0; path = ChatApp.app; sourceTree = BUILT_PRODUCTS_DIR; };
		C938A8F71BE46CD1002116DA /* Info.plist */ = {isa = PBXFileReference; lastKnownFileType = text.plist.xml; path = Info.plist; sourceTree = "<group>"; };
		C938A8F81BE46CD1002116DA /* main.m */ = {isa = PBXFileReference; lastKnownFileType = sourcecode.c.objc; path = main.m; sourceTree = "<group>"; };
		C938A8FA1BE46CD1002116DA /* AppDelegate.h */ = {isa = PBXFileReference; lastKnownFileType = sourcecode.c.h; path = AppDelegate.h; sourceTree = "<group>"; };
		C938A8FB1BE46CD1002116DA /* AppDelegate.m */ = {isa = PBXFileReference; lastKnownFileType = sourcecode.c.objc; path = AppDelegate.m; sourceTree = "<group>"; };
		C938A9041BE46CD1002116DA /* Base */ = {isa = PBXFileReference; lastKnownFileType = file.storyboard; name = Base; path = Base.lproj/Main.storyboard; sourceTree = "<group>"; };
		C938A9061BE46CD1002116DA /* Images.xcassets */ = {isa = PBXFileReference; lastKnownFileType = folder.assetcatalog; path = Images.xcassets; sourceTree = "<group>"; };
		C938A9091BE46CD1002116DA /* Base */ = {isa = PBXFileReference; lastKnownFileType = file.xib; name = Base; path = Base.lproj/LaunchScreen.xib; sourceTree = "<group>"; };
		C938A90F1BE46CD2002116DA /* ChatAppTests.xctest */ = {isa = PBXFileReference; explicitFileType = wrapper.cfbundle; includeInIndex = 0; path = ChatAppTests.xctest; sourceTree = BUILT_PRODUCTS_DIR; };
		C938A9141BE46CD2002116DA /* Info.plist */ = {isa = PBXFileReference; lastKnownFileType = text.plist.xml; path = Info.plist; sourceTree = "<group>"; };
		C938A9151BE46CD2002116DA /* ChatAppTests.m */ = {isa = PBXFileReference; lastKnownFileType = sourcecode.c.objc; path = ChatAppTests.m; sourceTree = "<group>"; };
		C938A9221BE4761B002116DA /* NewsFeedViewController.h */ = {isa = PBXFileReference; fileEncoding = 4; lastKnownFileType = sourcecode.c.h; path = NewsFeedViewController.h; sourceTree = "<group>"; };
		C938A9231BE4761B002116DA /* NewsFeedViewController.m */ = {isa = PBXFileReference; fileEncoding = 4; lastKnownFileType = sourcecode.c.objc; path = NewsFeedViewController.m; sourceTree = "<group>"; };
		C938A9251BE4763C002116DA /* RequestsViewController.h */ = {isa = PBXFileReference; fileEncoding = 4; lastKnownFileType = sourcecode.c.h; path = RequestsViewController.h; sourceTree = "<group>"; };
		C938A9261BE4763C002116DA /* RequestsViewController.m */ = {isa = PBXFileReference; fileEncoding = 4; lastKnownFileType = sourcecode.c.objc; path = RequestsViewController.m; sourceTree = "<group>"; };
		C938A9281BE47650002116DA /* MessengerViewController.h */ = {isa = PBXFileReference; fileEncoding = 4; lastKnownFileType = sourcecode.c.h; path = MessengerViewController.h; sourceTree = "<group>"; };
		C938A9291BE47650002116DA /* MessengerViewController.m */ = {isa = PBXFileReference; fileEncoding = 4; lastKnownFileType = sourcecode.c.objc; path = MessengerViewController.m; sourceTree = "<group>"; };
		C938A92B1BE4766B002116DA /* NotificationsViewController.h */ = {isa = PBXFileReference; fileEncoding = 4; lastKnownFileType = sourcecode.c.h; path = NotificationsViewController.h; sourceTree = "<group>"; };
		C938A92C1BE4766B002116DA /* NotificationsViewController.m */ = {isa = PBXFileReference; fileEncoding = 4; lastKnownFileType = sourcecode.c.objc; path = NotificationsViewController.m; sourceTree = "<group>"; };
		C9D8E8831BED1EB700993E31 /* Registration.h */ = {isa = PBXFileReference; fileEncoding = 4; lastKnownFileType = sourcecode.c.h; path = Registration.h; sourceTree = "<group>"; };
		C9D8E8841BED1EB700993E31 /* Registration.m */ = {isa = PBXFileReference; fileEncoding = 4; lastKnownFileType = sourcecode.c.objc; path = Registration.m; sourceTree = "<group>"; };
/* End PBXFileReference section */

/* Begin PBXFrameworksBuildPhase section */
		C938A8F01BE46CD1002116DA /* Frameworks */ = {
			isa = PBXFrameworksBuildPhase;
			buildActionMask = 2147483647;
			files = (
			);
			runOnlyForDeploymentPostprocessing = 0;
		};
		C938A90C1BE46CD2002116DA /* Frameworks */ = {
			isa = PBXFrameworksBuildPhase;
			buildActionMask = 2147483647;
			files = (
			);
			runOnlyForDeploymentPostprocessing = 0;
		};
/* End PBXFrameworksBuildPhase section */

/* Begin PBXGroup section */
		C938A8EA1BE46CD1002116DA = {
			isa = PBXGroup;
			children = (
				C938A8F51BE46CD1002116DA /* ChatApp */,
				C938A9121BE46CD2002116DA /* ChatAppTests */,
				C938A8F41BE46CD1002116DA /* Products */,
			);
			sourceTree = "<group>";
		};
		C938A8F41BE46CD1002116DA /* Products */ = {
			isa = PBXGroup;
			children = (
				C938A8F31BE46CD1002116DA /* ChatApp.app */,
				C938A90F1BE46CD2002116DA /* ChatAppTests.xctest */,
			);
			name = Products;
			sourceTree = "<group>";
		};
		C938A8F51BE46CD1002116DA /* ChatApp */ = {
			isa = PBXGroup;
			children = (
				C938A8FA1BE46CD1002116DA /* AppDelegate.h */,
				C938A8FB1BE46CD1002116DA /* AppDelegate.m */,
				C9D8E8831BED1EB700993E31 /* Registration.h */,
				C9D8E8841BED1EB700993E31 /* Registration.m */,
				C938A9031BE46CD1002116DA /* Main.storyboard */,
				C938A9061BE46CD1002116DA /* Images.xcassets */,
				C938A9081BE46CD1002116DA /* LaunchScreen.xib */,
				C938A8F61BE46CD1002116DA /* Supporting Files */,
				C938A9221BE4761B002116DA /* NewsFeedViewController.h */,
				C938A9231BE4761B002116DA /* NewsFeedViewController.m */,
				C938A9251BE4763C002116DA /* RequestsViewController.h */,
				C938A9261BE4763C002116DA /* RequestsViewController.m */,
				C938A9281BE47650002116DA /* MessengerViewController.h */,
				C938A9291BE47650002116DA /* MessengerViewController.m */,
				C938A92B1BE4766B002116DA /* NotificationsViewController.h */,
				C938A92C1BE4766B002116DA /* NotificationsViewController.m */,
				C91CCAC61BEEF4100060A015 /* Registration.xcdatamodeld */,
				C91CCAC91BEF00A50060A015 /* Artist.h */,
				C91CCACA1BEF00A50060A015 /* Artist.m */,
			);
			path = ChatApp;
			sourceTree = "<group>";
		};
		C938A8F61BE46CD1002116DA /* Supporting Files */ = {
			isa = PBXGroup;
			children = (
				C938A8F71BE46CD1002116DA /* Info.plist */,
				C938A8F81BE46CD1002116DA /* main.m */,
			);
			name = "Supporting Files";
			sourceTree = "<group>";
		};
		C938A9121BE46CD2002116DA /* ChatAppTests */ = {
			isa = PBXGroup;
			children = (
				C938A9151BE46CD2002116DA /* ChatAppTests.m */,
				C938A9131BE46CD2002116DA /* Supporting Files */,
			);
			path = ChatAppTests;
			sourceTree = "<group>";
		};
		C938A9131BE46CD2002116DA /* Supporting Files */ = {
			isa = PBXGroup;
			children = (
				C938A9141BE46CD2002116DA /* Info.plist */,
			);
			name = "Supporting Files";
			sourceTree = "<group>";
		};
/* End PBXGroup section */

/* Begin PBXNativeTarget section */
		C938A8F21BE46CD1002116DA /* ChatApp */ = {
			isa = PBXNativeTarget;
			buildConfigurationList = C938A9191BE46CD2002116DA /* Build configuration list for PBXNativeTarget "ChatApp" */;
			buildPhases = (
				C938A8EF1BE46CD1002116DA /* Sources */,
				C938A8F01BE46CD1002116DA /* Frameworks */,
				C938A8F11BE46CD1002116DA /* Resources */,
			);
			buildRules = (
			);
			dependencies = (
			);
			name = ChatApp;
			productName = ChatApp;
			productReference = C938A8F31BE46CD1002116DA /* ChatApp.app */;
			productType = "com.apple.product-type.application";
		};
		C938A90E1BE46CD2002116DA /* ChatAppTests */ = {
			isa = PBXNativeTarget;
			buildConfigurationList = C938A91C1BE46CD2002116DA /* Build configuration list for PBXNativeTarget "ChatAppTests" */;
			buildPhases = (
				C938A90B1BE46CD2002116DA /* Sources */,
				C938A90C1BE46CD2002116DA /* Frameworks */,
				C938A90D1BE46CD2002116DA /* Resources */,
			);
			buildRules = (
			);
			dependencies = (
				C938A9111BE46CD2002116DA /* PBXTargetDependency */,
			);
			name = ChatAppTests;
			productName = ChatAppTests;
			productReference = C938A90F1BE46CD2002116DA /* ChatAppTests.xctest */;
			productType = "com.apple.product-type.bundle.unit-test";
		};
/* End PBXNativeTarget section */

/* Begin PBXProject section */
		C938A8EB1BE46CD1002116DA /* Project object */ = {
			isa = PBXProject;
			attributes = {
				LastUpgradeCheck = 0630;
				ORGANIZATIONNAME = Rewa;
				TargetAttributes = {
					C938A8F21BE46CD1002116DA = {
						CreatedOnToolsVersion = 6.3;
					};
					C938A90E1BE46CD2002116DA = {
						CreatedOnToolsVersion = 6.3;
						TestTargetID = C938A8F21BE46CD1002116DA;
					};
				};
			};
			buildConfigurationList = C938A8EE1BE46CD1002116DA /* Build configuration list for PBXProject "ChatApp" */;
			compatibilityVersion = "Xcode 3.2";
			developmentRegion = English;
			hasScannedForEncodings = 0;
			knownRegions = (
				en,
				Base,
			);
			mainGroup = C938A8EA1BE46CD1002116DA;
			productRefGroup = C938A8F41BE46CD1002116DA /* Products */;
			projectDirPath = "";
			projectRoot = "";
			targets = (
				C938A8F21BE46CD1002116DA /* ChatApp */,
				C938A90E1BE46CD2002116DA /* ChatAppTests */,
			);
		};
/* End PBXProject section */

/* Begin PBXResourcesBuildPhase section */
		C938A8F11BE46CD1002116DA /* Resources */ = {
			isa = PBXResourcesBuildPhase;
			buildActionMask = 2147483647;
			files = (
				C938A9051BE46CD1002116DA /* Main.storyboard in Resources */,
				C938A90A1BE46CD1002116DA /* LaunchScreen.xib in Resources */,
				C938A9071BE46CD1002116DA /* Images.xcassets in Resources */,
			);
			runOnlyForDeploymentPostprocessing = 0;
		};
		C938A90D1BE46CD2002116DA /* Resources */ = {
			isa = PBXResourcesBuildPhase;
			buildActionMask = 2147483647;
			files = (
			);
			runOnlyForDeploymentPostprocessing = 0;
		};
/* End PBXResourcesBuildPhase section */

/* Begin PBXSourcesBuildPhase section */
		C938A8EF1BE46CD1002116DA /* Sources */ = {
			isa = PBXSourcesBuildPhase;
			buildActionMask = 2147483647;
			files = (
				C938A92A1BE47650002116DA /* MessengerViewController.m in Sources */,
				C938A8FC1BE46CD1002116DA /* AppDelegate.m in Sources */,
				C9D8E8851BED1EB700993E31 /* Registration.m in Sources */,
				C938A8F91BE46CD1002116DA /* main.m in Sources */,
				C91CCAC81BEEF4100060A015 /* Registration.xcdatamodeld in Sources */,
				C938A9271BE4763D002116DA /* RequestsViewController.m in Sources */,
				C938A9241BE4761B002116DA /* NewsFeedViewController.m in Sources */,
				C91CCACB1BEF00A50060A015 /* Artist.m in Sources */,
				C938A92D1BE4766B002116DA /* NotificationsViewController.m in Sources */,
			);
			runOnlyForDeploymentPostprocessing = 0;
		};
		C938A90B1BE46CD2002116DA /* Sources */ = {
			isa = PBXSourcesBuildPhase;
			buildActionMask = 2147483647;
			files = (
				C938A9161BE46CD2002116DA /* ChatAppTests.m in Sources */,
			);
			runOnlyForDeploymentPostprocessing = 0;
		};
/* End PBXSourcesBuildPhase section */

/* Begin PBXTargetDependency section */
		C938A9111BE46CD2002116DA /* PBXTargetDependency */ = {
			isa = PBXTargetDependency;
			target = C938A8F21BE46CD1002116DA /* ChatApp */;
			targetProxy = C938A9101BE46CD2002116DA /* PBXContainerItemProxy */;
		};
/* End PBXTargetDependency section */

/* Begin PBXVariantGroup section */
		C938A9031BE46CD1002116DA /* Main.storyboard */ = {
			isa = PBXVariantGroup;
			children = (
				C938A9041BE46CD1002116DA /* Base */,
			);
			name = Main.storyboard;
			sourceTree = "<group>";
		};
		C938A9081BE46CD1002116DA /* LaunchScreen.xib */ = {
			isa = PBXVariantGroup;
			children = (
				C938A9091BE46CD1002116DA /* Base */,
			);
			name = LaunchScreen.xib;
			sourceTree = "<group>";
		};
/* End PBXVariantGroup section */

/* Begin XCBuildConfiguration section */
		C938A9171BE46CD2002116DA /* Debug */ = {
			isa = XCBuildConfiguration;
			buildSettings = {
				ALWAYS_SEARCH_USER_PATHS = NO;
				CLANG_CXX_LANGUAGE_STANDARD = "gnu++0x";
				CLANG_CXX_LIBRARY = "libc++";
				CLANG_ENABLE_MODULES = YES;
				CLANG_ENABLE_OBJC_ARC = YES;
				CLANG_WARN_BOOL_CONVERSION = YES;
				CLANG_WARN_CONSTANT_CONVERSION = YES;
				CLANG_WARN_DIRECT_OBJC_ISA_USAGE = YES_ERROR;
				CLANG_WARN_EMPTY_BODY = YES;
				CLANG_WARN_ENUM_CONVERSION = YES;
				CLANG_WARN_INT_CONVERSION = YES;
				CLANG_WARN_OBJC_ROOT_CLASS = YES_ERROR;
				CLANG_WARN_UNREACHABLE_CODE = YES;
				CLANG_WARN__DUPLICATE_METHOD_MATCH = YES;
				"CODE_SIGN_IDENTITY[sdk=iphoneos*]" = "iPhone Developer";
				COPY_PHASE_STRIP = NO;
				DEBUG_INFORMATION_FORMAT = "dwarf-with-dsym";
				ENABLE_STRICT_OBJC_MSGSEND = YES;
				GCC_C_LANGUAGE_STANDARD = gnu99;
				GCC_DYNAMIC_NO_PIC = NO;
				GCC_NO_COMMON_BLOCKS = YES;
				GCC_OPTIMIZATION_LEVEL = 0;
				GCC_PREPROCESSOR_DEFINITIONS = (
					"DEBUG=1",
					"$(inherited)",
				);
				GCC_SYMBOLS_PRIVATE_EXTERN = NO;
				GCC_WARN_64_TO_32_BIT_CONVERSION = YES;
				GCC_WARN_ABOUT_RETURN_TYPE = YES_ERROR;
				GCC_WARN_UNDECLARED_SELECTOR = YES;
				GCC_WARN_UNINITIALIZED_AUTOS = YES_AGGRESSIVE;
				GCC_WARN_UNUSED_FUNCTION = YES;
				GCC_WARN_UNUSED_VARIABLE = YES;
				IPHONEOS_DEPLOYMENT_TARGET = 8.3;
				MTL_ENABLE_DEBUG_INFO = YES;
				ONLY_ACTIVE_ARCH = YES;
				SDKROOT = iphoneos;
				TARGETED_DEVICE_FAMILY = "1,2";
			};
			name = Debug;
		};
		C938A9181BE46CD2002116DA /* Release */ = {
			isa = XCBuildConfiguration;
			buildSettings = {
				ALWAYS_SEARCH_USER_PATHS = NO;
				CLANG_CXX_LANGUAGE_STANDARD = "gnu++0x";
				CLANG_CXX_LIBRARY = "libc++";
				CLANG_ENABLE_MODULES = YES;
				CLANG_ENABLE_OBJC_ARC = YES;
				CLANG_WARN_BOOL_CONVERSION = YES;
				CLANG_WARN_CONSTANT_CONVERSION = YES;
				CLANG_WARN_DIRECT_OBJC_ISA_USAGE = YES_ERROR;
				CLANG_WARN_EMPTY_BODY = YES;
				CLANG_WARN_ENUM_CONVERSION = YES;
				CLANG_WARN_INT_CONVERSION = YES;
				CLANG_WARN_OBJC_ROOT_CLASS = YES_ERROR;
				CLANG_WARN_UNREACHABLE_CODE = YES;
				CLANG_WARN__DUPLICATE_METHOD_MATCH = YES;
				"CODE_SIGN_IDENTITY[sdk=iphoneos*]" = "iPhone Developer";
				COPY_PHASE_STRIP = NO;
				DEBUG_INFORMATION_FORMAT = "dwarf-with-dsym";
				ENABLE_NS_ASSERTIONS = NO;
				ENABLE_STRICT_OBJC_MSGSEND = YES;
				GCC_C_LANGUAGE_STANDARD = gnu99;
				GCC_NO_COMMON_BLOCKS = YES;
				GCC_WARN_64_TO_32_BIT_CONVERSION = YES;
				GCC_WARN_ABOUT_RETURN_TYPE = YES_ERROR;
				GCC_WARN_UNDECLARED_SELECTOR = YES;
				GCC_WARN_UNINITIALIZED_AUTOS = YES_AGGRESSIVE;
				GCC_WARN_UNUSED_FUNCTION = YES;
				GCC_WARN_UNUSED_VARIABLE = YES;
				IPHONEOS_DEPLOYMENT_TARGET = 8.3;
				MTL_ENABLE_DEBUG_INFO = NO;
				SDKROOT = iphoneos;
				TARGETED_DEVICE_FAMILY = "1,2";
				VALIDATE_PRODUCT = YES;
			};
			name = Release;
		};
		C938A91A1BE46CD2002116DA /* Debug */ = {
			isa = XCBuildConfiguration;
			buildSettings = {
				ASSETCATALOG_COMPILER_APPICON_NAME = AppIcon;
				INFOPLIST_FILE = ChatApp/Info.plist;
				LD_RUNPATH_SEARCH_PATHS = "$(inherited) @executable_path/Frameworks";
				PRODUCT_NAME = "$(TARGET_NAME)";
			};
			name = Debug;
		};
		C938A91B1BE46CD2002116DA /* Release */ = {
			isa = XCBuildConfiguration;
			buildSettings = {
				ASSETCATALOG_COMPILER_APPICON_NAME = AppIcon;
				INFOPLIST_FILE = ChatApp/Info.plist;
				LD_RUNPATH_SEARCH_PATHS = "$(inherited) @executable_path/Frameworks";
				PRODUCT_NAME = "$(TARGET_NAME)";
			};
			name = Release;
		};
		C938A91D1BE46CD2002116DA /* Debug */ = {
			isa = XCBuildConfiguration;
			buildSettings = {
				BUNDLE_LOADER = "$(TEST_HOST)";
				FRAMEWORK_SEARCH_PATHS = (
					"$(SDKROOT)/Developer/Library/Frameworks",
					"$(inherited)",
				);
				GCC_PREPROCESSOR_DEFINITIONS = (
					"DEBUG=1",
					"$(inherited)",
				);
				INFOPLIST_FILE = ChatAppTests/Info.plist;
				LD_RUNPATH_SEARCH_PATHS = "$(inherited) @executable_path/Frameworks @loader_path/Frameworks";
				PRODUCT_NAME = "$(TARGET_NAME)";
				TEST_HOST = "$(BUILT_PRODUCTS_DIR)/ChatApp.app/ChatApp";
			};
			name = Debug;
		};
		C938A91E1BE46CD2002116DA /* Release */ = {
			isa = XCBuildConfiguration;
			buildSettings = {
				BUNDLE_LOADER = "$(TEST_HOST)";
				FRAMEWORK_SEARCH_PATHS = (
					"$(SDKROOT)/Developer/Library/Frameworks",
					"$(inherited)",
				);
				INFOPLIST_FILE = ChatAppTests/Info.plist;
				LD_RUNPATH_SEARCH_PATHS = "$(inherited) @executable_path/Frameworks @loader_path/Frameworks";
				PRODUCT_NAME = "$(TARGET_NAME)";
				TEST_HOST = "$(BUILT_PRODUCTS_DIR)/ChatApp.app/ChatApp";
			};
			name = Release;
		};
/* End XCBuildConfiguration section */

/* Begin XCConfigurationList section */
		C938A8EE1BE46CD1002116DA /* Build configuration list for PBXProject "ChatApp" */ = {
			isa = XCConfigurationList;
			buildConfigurations = (
				C938A9171BE46CD2002116DA /* Debug */,
				C938A9181BE46CD2002116DA /* Release */,
			);
			defaultConfigurationIsVisible = 0;
			defaultConfigurationName = Release;
		};
		C938A9191BE46CD2002116DA /* Build configuration list for PBXNativeTarget "ChatApp" */ = {
			isa = XCConfigurationList;
			buildConfigurations = (
				C938A91A1BE46CD2002116DA /* Debug */,
				C938A91B1BE46CD2002116DA /* Release */,
			);
			defaultConfigurationIsVisible = 0;
			defaultConfigurationName = Release;
		};
		C938A91C1BE46CD2002116DA /* Build configuration list for PBXNativeTarget "ChatAppTests" */ = {
			isa = XCConfigurationList;
			buildConfigurations = (
				C938A91D1BE46CD2002116DA /* Debug */,
				C938A91E1BE46CD2002116DA /* Release */,
			);
			defaultConfigurationIsVisible = 0;
			defaultConfigurationName = Release;
		};
/* End XCConfigurationList section */

/* Begin XCVersionGroup section */
		C91CCAC61BEEF4100060A015 /* Registration.xcdatamodeld */ = {
			isa = XCVersionGroup;
			children = (
				C91CCAC71BEEF4100060A015 /* Registration.xcdatamodel */,
			);
			currentVersion = C91CCAC71BEEF4100060A015 /* Registration.xcdatamodel */;
			path = Registration.xcdatamodeld;
			sourceTree = "<group>";
			versionGroupType = wrapper.xcdatamodel;
		};
/* End XCVersionGroup section */
	};
	rootObject = C938A8EB1BE46CD1002116DA /* Project object */;
}
